
Microsoft Visual Studio Solution File, Format Version 12.00
# Visual Studio Version 16
VisualStudioVersion = 16.0.30114.105
MinimumVisualStudioVersion = 10.0.40219.1
Project("{FAE04EC0-301F-11D3-BF4B-00C04F79EFBC}") = "StrongFilePath", "StrongFilePath\StrongFilePath.csproj", "{F3838FEE-86ED-4F6A-95ED-44AB61335106}"
EndProject
Project("{FAE04EC0-301F-11D3-BF4B-00C04F79EFBC}") = "StrongFileStructure.Tests", "tests\StrongFileStructure.Tests.csproj", "{56B7DCC9-A19F-4ABB-AB82-4E3185C44C07}"
EndProject
Global
	GlobalSection(SolutionConfigurationPlatforms) = preSolution
		Debug|Any CPU = Debug|Any CPU
		Debug|x64 = Debug|x64
		Debug|x86 = Debug|x86
		Release|Any CPU = Release|Any CPU
		Release|x64 = Release|x64
		Release|x86 = Release|x86
	EndGlobalSection
	GlobalSection(SolutionProperties) = preSolution
		HideSolutionNode = FALSE
	EndGlobalSection
	GlobalSection(ProjectConfigurationPlatforms) = postSolution
		{F3838FEE-86ED-4F6A-95ED-44AB61335106}.Debug|Any CPU.ActiveCfg = Debug|Any CPU
		{F3838FEE-86ED-4F6A-95ED-44AB61335106}.Debug|Any CPU.Build.0 = Debug|Any CPU
		{F3838FEE-86ED-4F6A-95ED-44AB61335106}.Debug|x64.ActiveCfg = Debug|Any CPU
		{F3838FEE-86ED-4F6A-95ED-44AB61335106}.Debug|x64.Build.0 = Debug|Any CPU
		{F3838FEE-86ED-4F6A-95ED-44AB61335106}.Debug|x86.ActiveCfg = Debug|Any CPU
		{F3838FEE-86ED-4F6A-95ED-44AB61335106}.Debug|x86.Build.0 = Debug|Any CPU
		{F3838FEE-86ED-4F6A-95ED-44AB61335106}.Release|Any CPU.ActiveCfg = Release|Any CPU
		{F3838FEE-86ED-4F6A-95ED-44AB61335106}.Release|Any CPU.Build.0 = Release|Any CPU
		{F3838FEE-86ED-4F6A-95ED-44AB61335106}.Release|x64.ActiveCfg = Release|Any CPU
		{F3838FEE-86ED-4F6A-95ED-44AB61335106}.Release|x64.Build.0 = Release|Any CPU
		{F3838FEE-86ED-4F6A-95ED-44AB61335106}.Release|x86.ActiveCfg = Release|Any CPU
		{F3838FEE-86ED-4F6A-95ED-44AB61335106}.Release|x86.Build.0 = Release|Any CPU
		{56B7DCC9-A19F-4ABB-AB82-4E3185C44C07}.Debug|Any CPU.ActiveCfg = Debug|Any CPU
		{56B7DCC9-A19F-4ABB-AB82-4E3185C44C07}.Debug|Any CPU.Build.0 = Debug|Any CPU
		{56B7DCC9-A19F-4ABB-AB82-4E3185C44C07}.Debug|x64.ActiveCfg = Debug|Any CPU
		{56B7DCC9-A19F-4ABB-AB82-4E3185C44C07}.Debug|x64.Build.0 = Debug|Any CPU
		{56B7DCC9-A19F-4ABB-AB82-4E3185C44C07}.Debug|x86.ActiveCfg = Debug|Any CPU
		{56B7DCC9-A19F-4ABB-AB82-4E3185C44C07}.Debug|x86.Build.0 = Debug|Any CPU
		{56B7DCC9-A19F-4ABB-AB82-4E3185C44C07}.Release|Any CPU.ActiveCfg = Release|Any CPU
		{56B7DCC9-A19F-4ABB-AB82-4E3185C44C07}.Release|Any CPU.Build.0 = Release|Any CPU
		{56B7DCC9-A19F-4ABB-AB82-4E3185C44C07}.Release|x64.ActiveCfg = Release|Any CPU
		{56B7DCC9-A19F-4ABB-AB82-4E3185C44C07}.Release|x64.Build.0 = Release|Any CPU
		{56B7DCC9-A19F-4ABB-AB82-4E3185C44C07}.Release|x86.ActiveCfg = Release|Any CPU
		{56B7DCC9-A19F-4ABB-AB82-4E3185C44C07}.Release|x86.Build.0 = Release|Any CPU
	EndGlobalSection
EndGlobal
